# auto-generated by grc.converter

id: weatherstation_decode_ws
label: WS Decoder
category: '[weatherstation]'

parameters:
-   id: sample_rate
    label: Sample Rate
    dtype: int
    default: '2500000'
-   id: threshold
    label: Threshold
    dtype: float
    default: '0.5'
-   id: debug
    label: Debug
    dtype: bool
    default: 'False'
    options: ['True', 'False']
    option_labels: [Enable, Disable]

inputs:
-   domain: stream
    dtype: float

outputs:
-   domain: message
    id: out

templates:
    imports: import weatherstation
    make: weatherstation.decode_ws(${sample_rate}, ${threshold}, ${debug})

file_format: 1
